{
  "lockfileVersion": 1,
  "configVersion": 1,
  "workspaces": {
    "": {
      "name": "openid-tls-connector-2",
      "dependencies": {
        "@ldapjs/dn": "^1.1.0",
        "@openauthjs/openauth": "^0.4.3",
        "@types/ldapjs": "^3.0.6",
        "commander": "^15.0.0",
        "hono": "^4.12.27",
        "jose": "5.9.6",
        "ldapjs": "^3.0.7",
        "ts-pattern": "^5.9.0",
        "valibot": "^1.4.2",
      },
      "devDependencies": {
        "@types/bun": "latest",
      },
      "peerDependencies": {
        "typescript": "^5",
      },
    },
  },
  "packages": {
    "@ldapjs/asn1": ["@ldapjs/asn1@2.0.0", "", {}, "sha512-G9+DkEOirNgdPmD0I8nu57ygQJKOOgFEMKknEuQvIHbGLwP3ny1mY+OTUYLCbCaGJP4sox5eYgBJRuSUpnAddA=="],

    "@ldapjs/attribute": ["@ldapjs/attribute@1.0.0", "", { "dependencies": { "@ldapjs/asn1": "2.0.0", "@ldapjs/protocol": "^1.2.1", "process-warning": "^2.1.0" } }, "sha512-ptMl2d/5xJ0q+RgmnqOi3Zgwk/TMJYG7dYMC0Keko+yZU6n+oFM59MjQOUht5pxJeS4FWrImhu/LebX24vJNRQ=="],

    "@ldapjs/change": ["@ldapjs/change@1.0.0", "", { "dependencies": { "@ldapjs/asn1": "2.0.0", "@ldapjs/attribute": "1.0.0" } }, "sha512-EOQNFH1RIku3M1s0OAJOzGfAohuFYXFY4s73wOhRm4KFGhmQQ7MChOh2YtYu9Kwgvuq1B0xKciXVzHCGkB5V+Q=="],

    "@ldapjs/controls": ["@ldapjs/controls@2.1.0", "", { "dependencies": { "@ldapjs/asn1": "^1.2.0", "@ldapjs/protocol": "^1.2.1" } }, "sha512-2pFdD1yRC9V9hXfAWvCCO2RRWK9OdIEcJIos/9cCVP9O4k72BY1bLDQQ4KpUoJnl4y/JoD4iFgM+YWT3IfITWw=="],

    "@ldapjs/dn": ["@ldapjs/dn@1.1.0", "", { "dependencies": { "@ldapjs/asn1": "2.0.0", "process-warning": "^2.1.0" } }, "sha512-R72zH5ZeBj/Fujf/yBu78YzpJjJXG46YHFo5E4W1EqfNpo1UsVPqdLrRMXeKIsJT3x9dJVIfR6OpzgINlKpi0A=="],

    "@ldapjs/filter": ["@ldapjs/filter@2.1.1", "", { "dependencies": { "@ldapjs/asn1": "2.0.0", "@ldapjs/protocol": "^1.2.1", "process-warning": "^2.1.0" } }, "sha512-TwPK5eEgNdUO1ABPBUQabcZ+h9heDORE4V9WNZqCtYLKc06+6+UAJ3IAbr0L0bYTnkkWC/JEQD2F+zAFsuikNw=="],

    "@ldapjs/messages": ["@ldapjs/messages@1.3.0", "", { "dependencies": { "@ldapjs/asn1": "^2.0.0", "@ldapjs/attribute": "^1.0.0", "@ldapjs/change": "^1.0.0", "@ldapjs/controls": "^2.1.0", "@ldapjs/dn": "^1.1.0", "@ldapjs/filter": "^2.1.1", "@ldapjs/protocol": "^1.2.1", "process-warning": "^2.2.0" } }, "sha512-K7xZpXJ21bj92jS35wtRbdcNrwmxAtPwy4myeh9duy/eR3xQKvikVycbdWVzkYEAVE5Ce520VXNOwCHjomjCZw=="],

    "@ldapjs/protocol": ["@ldapjs/protocol@1.2.1", "", {}, "sha512-O89xFDLW2gBoZWNXuXpBSM32/KealKCTb3JGtJdtUQc7RjAk8XzrRgyz02cPAwGKwKPxy0ivuC7UP9bmN87egQ=="],

    "@openauthjs/openauth": ["@openauthjs/openauth@0.4.3", "", { "dependencies": { "@standard-schema/spec": "1.0.0-beta.3", "aws4fetch": "1.0.20", "jose": "5.9.6" }, "peerDependencies": { "arctic": "^2.2.2", "hono": "^4.0.0" } }, "sha512-RlnjqvHzqcbFVymEwhlUEuac4utA5h4nhSK/i2szZuQmxTIqbGUxZ+nM+avM+VV4Ing+/ZaNLKILoXS3yrkOOw=="],

    "@oslojs/asn1": ["@oslojs/asn1@1.0.0", "", { "dependencies": { "@oslojs/binary": "1.0.0" } }, "sha512-zw/wn0sj0j0QKbIXfIlnEcTviaCzYOY3V5rAyjR6YtOByFtJiT574+8p9Wlach0lZH9fddD4yb9laEAIl4vXQA=="],

    "@oslojs/binary": ["@oslojs/binary@1.0.0", "", {}, "sha512-9RCU6OwXU6p67H4NODbuxv2S3eenuQ4/WFLrsq+K/k682xrznH5EVWA7N4VFk9VYVcbFtKqur5YQQZc0ySGhsQ=="],

    "@oslojs/crypto": ["@oslojs/crypto@1.0.1", "", { "dependencies": { "@oslojs/asn1": "1.0.0", "@oslojs/binary": "1.0.0" } }, "sha512-7n08G8nWjAr/Yu3vu9zzrd0L9XnrJfpMioQcvCMxBIiF5orECHe5/3J0jmXRVvgfqMm/+4oxlQ+Sq39COYLcNQ=="],

    "@oslojs/encoding": ["@oslojs/encoding@1.1.0", "", {}, "sha512-70wQhgYmndg4GCPxPPxPGevRKqTIJ2Nh4OkiMWmDAVYsTQ+Ta7Sq+rPevXyXGdzr30/qZBnyOalCszoMxlyldQ=="],

    "@oslojs/jwt": ["@oslojs/jwt@0.2.0", "", { "dependencies": { "@oslojs/encoding": "0.4.1" } }, "sha512-bLE7BtHrURedCn4Mco3ma9L4Y1GR2SMBuIvjWr7rmQ4/W/4Jy70TIAgZ+0nIlk0xHz1vNP8x8DCns45Sb2XRbg=="],

    "@standard-schema/spec": ["@standard-schema/spec@1.0.0-beta.3", "", {}, "sha512-0ifF3BjA1E8SY9C+nUew8RefNOIq0cDlYALPty4rhUm8Rrl6tCM8hBT4bhGhx7I7iXD0uAgt50lgo8dD73ACMw=="],

    "@types/bun": ["@types/bun@1.3.14", "", { "dependencies": { "bun-types": "1.3.14" } }, "sha512-h1hFqFVcvAvD9j9K7ZW7vd82aSA+rTdznZa+5bwvCwqSB1jmmfLcbIWhOLx1/+boy/xmjgCs/OMUL8hRJSmnPw=="],

    "@types/ldapjs": ["@types/ldapjs@3.0.6", "", { "dependencies": { "@types/node": "*" } }, "sha512-E2Tn1ltJDYBsidOT9QG4engaQeQzRQ9aYNxVmjCkD33F7cIeLPgrRDXAYs0O35mK2YDU20c/+ZkNjeAPRGLM0Q=="],

    "@types/node": ["@types/node@26.0.1", "", { "dependencies": { "undici-types": "~8.3.0" } }, "sha512-fc3KiUoBt6kie0N9bIW3E47vZsuaMf0PM2AaUpLCLT0s/LvX1nxAim6Fc049cNxODPpGm6qRAuUOB86SkRuPQw=="],

    "abstract-logging": ["abstract-logging@2.0.1", "", {}, "sha512-2BjRTZxTPvheOvGbBslFSYOUkr+SjPtOnrLP33f+VIWLzezQpZcqVg7ja3L4dBXmzzgwT+a029jRx5PCi3JuiA=="],

    "arctic": ["arctic@2.3.4", "", { "dependencies": { "@oslojs/crypto": "1.0.1", "@oslojs/encoding": "1.1.0", "@oslojs/jwt": "0.2.0" } }, "sha512-+p30BOWsctZp+CVYCt7oAean/hWGW42sH5LAcRQX56ttEkFJWbzXBhmSpibbzwSJkRrotmsA+oAoJoVsU0f5xA=="],

    "assert-plus": ["assert-plus@1.0.0", "", {}, "sha512-NfJ4UzBCcQGLDlQq7nHxH+tv3kyZ0hHQqF5BO6J7tNJeP5do1llPr8dZ8zHonfhAu0PHAdMkSo+8o0wxg9lZWw=="],

    "aws4fetch": ["aws4fetch@1.0.20", "", {}, "sha512-/djoAN709iY65ETD6LKCtyyEI04XIBP5xVvfmNxsEP0uJB5tyaGBztSryRr4HqMStr9R06PisQE7m9zDTXKu6g=="],

    "backoff": ["backoff@2.5.0", "", { "dependencies": { "precond": "0.2" } }, "sha512-wC5ihrnUXmR2douXmXLCe5O3zg3GKIyvRi/hi58a/XyRxVI+3/yM0PYueQOZXPXQ9pxBislYkw+sF9b7C/RuMA=="],

    "bun-types": ["bun-types@1.3.14", "", { "dependencies": { "@types/node": "*" } }, "sha512-4N0ig0fEomHt5R0KCFWjovxow98rIoRwKolrYdCcknNwMekCXRnWEUvgu5soYV8QXtVsrUD8B95MBOZGPvr6KQ=="],

    "commander": ["commander@15.0.0", "", {}, "sha512-z67u4ZhzCL/Tydu1lJARtEZYWbWaN7oYLHbsuzocr6y4N6WZAagG3RQ4FW61V1/0+jImpj293XfrcYnd1qxtPg=="],

    "core-util-is": ["core-util-is@1.0.2", "", {}, "sha512-3lqz5YjWTYnW6dlDa5TLaTCcShfar1e40rmcJVwCBJC6mWlFuj0eCHIElmG1g5kyuJ/GD+8Wn4FFCcz4gJPfaQ=="],

    "extsprintf": ["extsprintf@1.4.1", "", {}, "sha512-Wrk35e8ydCKDj/ArClo1VrPVmN8zph5V4AtHwIuHhvMXsKf73UT3BOD+azBIW+3wOJ4FhEH7zyaJCFvChjYvMA=="],

    "hono": ["hono@4.12.27", "", {}, "sha512-1yrb/+w6HWQJrUCLkJ2IF5jNIPvvFkblV5RNOYl6bV+OA6p9GLcMpHFFGTosSvHvcAUibuUukRqhlYI4z32C7Q=="],

    "jose": ["jose@5.9.6", "", {}, "sha512-AMlnetc9+CV9asI19zHmrgS/WYsWUwCn2R7RzlbJWD7F9eWYUTGyBmU9o6PxngtLGOiDGPRu+Uc4fhKzbpteZQ=="],

    "ldapjs": ["ldapjs@3.0.7", "", { "dependencies": { "@ldapjs/asn1": "^2.0.0", "@ldapjs/attribute": "^1.0.0", "@ldapjs/change": "^1.0.0", "@ldapjs/controls": "^2.1.0", "@ldapjs/dn": "^1.1.0", "@ldapjs/filter": "^2.1.1", "@ldapjs/messages": "^1.3.0", "@ldapjs/protocol": "^1.2.1", "abstract-logging": "^2.0.1", "assert-plus": "^1.0.0", "backoff": "^2.5.0", "once": "^1.4.0", "vasync": "^2.2.1", "verror": "^1.10.1" } }, "sha512-1ky+WrN+4CFMuoekUOv7Y1037XWdjKpu0xAPwSP+9KdvmV9PG+qOKlssDV6a+U32apwxdD3is/BZcWOYzN30cg=="],

    "once": ["once@1.4.0", "", { "dependencies": { "wrappy": "1" } }, "sha512-lNaJgI+2Q5URQBkccEKHTQOPaXdUxnZZElQTZY0MFUAuaEqe1E+Nyvgdz/aIyNi6Z9MzO5dv1H8n58/GELp3+w=="],

    "precond": ["precond@0.2.3", "", {}, "sha512-QCYG84SgGyGzqJ/vlMsxeXd/pgL/I94ixdNFyh1PusWmTCyVfPJjZ1K1jvHtsbfnXQs2TSkEP2fR7QiMZAnKFQ=="],

    "process-warning": ["process-warning@2.3.2", "", {}, "sha512-n9wh8tvBe5sFmsqlg+XQhaQLumwpqoAUruLwjCopgTmUBjJ/fjtBsJzKleCaIGBOMXYEhp1YfKl4d7rJ5ZKJGA=="],

    "ts-pattern": ["ts-pattern@5.9.0", "", {}, "sha512-6s5V71mX8qBUmlgbrfL33xDUwO0fq48rxAu2LBE11WBeGdpCPOsXksQbZJHvHwhrd3QjUusd3mAOM5Gg0mFBLg=="],

    "typescript": ["typescript@5.9.3", "", { "bin": { "tsc": "bin/tsc", "tsserver": "bin/tsserver" } }, "sha512-jl1vZzPDinLr9eUt3J/t7V6FgNEw9QjvBPdysz9KfQDD41fQrC2Y4vKQdiaUpFT4bXlb1RHhLpp8wtm6M5TgSw=="],

    "undici-types": ["undici-types@8.3.0", "", {}, "sha512-j375ScV60dom+YkPFIfTLcOiPxkN/buHz5GobjLhixFuANaNs3C9l4GmrWqejgXWJ7BbJcFYpTEUkS1Ge8bpZQ=="],

    "valibot": ["valibot@1.4.2", "", { "peerDependencies": { "typescript": ">=5" }, "optionalPeers": ["typescript"] }, "sha512-gjdCvJ6d3RyHAneqxMYMW9QMCwYMb3jpOO0IyHZV1bnRHFBHrX3VkIILt5XYR0WhwHiH7Mty8ovuPZ/O3gamrg=="],

    "vasync": ["vasync@2.2.1", "", { "dependencies": { "verror": "1.10.0" } }, "sha512-Hq72JaTpcTFdWiNA4Y22Amej2GH3BFmBaKPPlDZ4/oC8HNn2ISHLkFrJU4Ds8R3jcUi7oo5Y9jcMHKjES+N9wQ=="],

    "verror": ["verror@1.10.1", "", { "dependencies": { "assert-plus": "^1.0.0", "core-util-is": "1.0.2", "extsprintf": "^1.2.0" } }, "sha512-veufcmxri4e3XSrT0xwfUR7kguIkaxBeosDg00yDWhk49wdwkSUrvvsm7nc75e1PUyvIeZj6nS8VQRYz2/S4Xg=="],

    "wrappy": ["wrappy@1.0.2", "", {}, "sha512-l4Sp/DRseor9wL6EvV2+TuQn63dMkPjZ/sp9XkghTEbV9KlPS1xUsZ3u7/IQO4wxtcFB4bgpQPRcR3QCvezPcQ=="],

    "@ldapjs/controls/@ldapjs/asn1": ["@ldapjs/asn1@1.2.0", "", {}, "sha512-KX/qQJ2xxzvO2/WOvr1UdQ+8P5dVvuOLk/C9b1bIkXxZss8BaR28njXdPgFCpj5aHaf1t8PmuVnea+N9YG9YMw=="],

    "@oslojs/jwt/@oslojs/encoding": ["@oslojs/encoding@0.4.1", "", {}, "sha512-hkjo6MuIK/kQR5CrGNdAPZhS01ZCXuWDRJ187zh6qqF2+yMHZpD9fAYpX8q2bOO6Ryhl3XpCT6kUX76N8hhm4Q=="],

    "vasync/verror": ["verror@1.10.0", "", { "dependencies": { "assert-plus": "^1.0.0", "core-util-is": "1.0.2", "extsprintf": "^1.2.0" } }, "sha512-ZZKSmDAEFOijERBLkmYfJ+vmk3w+7hOLYDNkRCuRuMJGEmqYNCNLyBBFwWKVMhfwaEF3WOd0Zlw86U/WC/+nYw=="],
  }
}
